// !$*UTF8*$!
{
	archiveVersion = 1;
	classes = {
	};
	objectVersion = 50;
	objects = {

/* Begin PBXBuildFile section */
		DAE11FA3232EAA1500458F46 /* AppDelegate.swift in Sources */ = {isa = PBXBuildFile; fileRef = DAE11FA2232EAA1500458F46 /* AppDelegate.swift */; };
		DAE11FA5232EAA1500458F46 /* ViewController.swift in Sources */ = {isa = PBXBuildFile; fileRef = DAE11FA4232EAA1500458F46 /* ViewController.swift */; };
		DAE11FA8232EAA1500458F46 /* Main.storyboard in Resources */ = {isa = PBXBuildFile; fileRef = DAE11FA6232EAA1500458F46 /* Main.storyboard */; };
		DAE11FAA232EAA1600458F46 /* Assets.xcassets in Resources */ = {isa = PBXBuildFile; fileRef = DAE11FA9232EAA1600458F46 /* Assets.xcassets */; };
		DAE11FAD232EAA1600458F46 /* LaunchScreen.storyboard in Resources */ = {isa = PBXBuildFile; fileRef = DAE11FAB232EAA1600458F46 /* LaunchScreen.storyboard */; };
		DAE11FB8232EAA1600458F46 /* Word_GardenTests.swift in Sources */ = {isa = PBXBuildFile; fileRef = DAE11FB7232EAA1600458F46 /* Word_GardenTests.swift */; };
		DAE11FC3232EAA1600458F46 /* Word_GardenUITests.swift in Sources */ = {isa = PBXBuildFile; fileRef = DAE11FC2232EAA1600458F46 /* Word_GardenUITests.swift */; };
/* End PBXBuildFile section */

/* Begin PBXContainerItemProxy section */
		DAE11FB4232EAA1600458F46 /* PBXContainerItemProxy */ = {
			isa = PBXContainerItemProxy;
			containerPortal = DAE11F97232EAA1500458F46 /* Project object */;
			proxyType = 1;
			remoteGlobalIDString = DAE11F9E232EAA1500458F46;
			remoteInfo = "Word Garden";
		};
		DAE11FBF232EAA1600458F46 /* PBXContainerItemProxy */ = {
			isa = PBXContainerItemProxy;
			containerPortal = DAE11F97232EAA1500458F46 /* Project object */;
			proxyType = 1;
			remoteGlobalIDString = DAE11F9E232EAA1500458F46;
			remoteInfo = "Word Garden";
		};
/* End PBXContainerItemProxy section */

/* Begin PBXFileReference section */
		DAE11F9F232EAA1500458F46 /* Word Garden.app */ = {isa = PBXFileReference; explicitFileType = wrapper.application; includeInIndex = 0; path = "Word Garden.app"; sourceTree = BUILT_PRODUCTS_DIR; };
		DAE11FA2232EAA1500458F46 /* AppDelegate.swift */ = {isa = PBXFileReference; lastKnownFileType = sourcecode.swift; path = AppDelegate.swift; sourceTree = "<group>"; };
		DAE11FA4232EAA1500458F46 /* ViewController.swift */ = {isa = PBXFileReference; lastKnownFileType = sourcecode.swift; path = ViewController.swift; sourceTree = "<group>"; };
		DAE11FA7232EAA1500458F46 /* Base */ = {isa = PBXFileReference; lastKnownFileType = file.storyboard; name = Base; path = Base.lproj/Main.storyboard; sourceTree = "<group>"; };
		DAE11FA9232EAA1600458F46 /* Assets.xcassets */ = {isa = PBXFileReference; lastKnownFileType = folder.assetcatalog; path = Assets.xcassets; sourceTree = "<group>"; };
		DAE11FAC232EAA1600458F46 /* Base */ = {isa = PBXFileReference; lastKnownFileType = file.storyboard; name = Base; path = Base.lproj/LaunchScreen.storyboard; sourceTree = "<group>"; };
		DAE11FAE232EAA1600458F46 /* Info.plist */ = {isa = PBXFileReference; lastKnownFileType = text.plist.xml; path = Info.plist; sourceTree = "<group>"; };
		DAE11FB3232EAA1600458F46 /* Word GardenTests.xctest */ = {isa = PBXFileReference; explicitFileType = wrapper.cfbundle; includeInIndex = 0; path = "Word GardenTests.xctest"; sourceTree = BUILT_PRODUCTS_DIR; };
		DAE11FB7232EAA1600458F46 /* Word_GardenTests.swift */ = {isa = PBXFileReference; lastKnownFileType = sourcecode.swift; path = Word_GardenTests.swift; sourceTree = "<group>"; };
		DAE11FB9232EAA1600458F46 /* Info.plist */ = {isa = PBXFileReference; lastKnownFileType = text.plist.xml; path = Info.plist; sourceTree = "<group>"; };
		DAE11FBE232EAA1600458F46 /* Word GardenUITests.xctest */ = {isa = PBXFileReference; explicitFileType = wrapper.cfbundle; includeInIndex = 0; path = "Word GardenUITests.xctest"; sourceTree = BUILT_PRODUCTS_DIR; };
		DAE11FC2232EAA1600458F46 /* Word_GardenUITests.swift */ = {isa = PBXFileReference; lastKnownFileType = sourcecode.swift; path = Word_GardenUITests.swift; sourceTree = "<group>"; };
		DAE11FC4232EAA1600458F46 /* Info.plist */ = {isa = PBXFileReference; lastKnownFileType = text.plist.xml; path = Info.plist; sourceTree = "<group>"; };
/* End PBXFileReference section */

/* Begin PBXFrameworksBuildPhase section */
		DAE11F9C232EAA1500458F46 /* Frameworks */ = {
			isa = PBXFrameworksBuildPhase;
			buildActionMask = 2147483647;
			files = (
			);
			runOnlyForDeploymentPostprocessing = 0;
		};
		DAE11FB0232EAA1600458F46 /* Frameworks */ = {
			isa = PBXFrameworksBuildPhase;
			buildActionMask = 2147483647;
			files = (
			);
			runOnlyForDeploymentPostprocessing = 0;
		};
		DAE11FBB232EAA1600458F46 /* Frameworks */ = {
			isa = PBXFrameworksBuildPhase;
			buildActionMask = 2147483647;
			files = (
			);
			runOnlyForDeploymentPostprocessing = 0;
		};
/* End PBXFrameworksBuildPhase section */

/* Begin PBXGroup section */
		DAE11F96232EAA1500458F46 = {
			isa = PBXGroup;
			children = (
				DAE11FA1232EAA1500458F46 /* Word Garden */,
				DAE11FB6232EAA1600458F46 /* Word GardenTests */,
				DAE11FC1232EAA1600458F46 /* Word GardenUITests */,
				DAE11FA0232EAA1500458F46 /* Products */,
			);
			sourceTree = "<group>";
		};
		DAE11FA0232EAA1500458F46 /* Products */ = {
			isa = PBXGroup;
			children = (
				DAE11F9F232EAA1500458F46 /* Word Garden.app */,
				DAE11FB3232EAA1600458F46 /* Word GardenTests.xctest */,
				DAE11FBE232EAA1600458F46 /* Word GardenUITests.xctest */,
			);
			name = Products;
			sourceTree = "<group>";
		};
		DAE11FA1232EAA1500458F46 /* Word Garden */ = {
			isa = PBXGroup;
			children = (
				DAE11FA2232EAA1500458F46 /* AppDelegate.swift */,
				DAE11FA4232EAA1500458F46 /* ViewController.swift */,
				DAE11FA6232EAA1500458F46 /* Main.storyboard */,
				DAE11FA9232EAA1600458F46 /* Assets.xcassets */,
				DAE11FAB232EAA1600458F46 /* LaunchScreen.storyboard */,
				DAE11FAE232EAA1600458F46 /* Info.plist */,
			);
			path = "Word Garden";
			sourceTree = "<group>";
		};
		DAE11FB6232EAA1600458F46 /* Word GardenTests */ = {
			isa = PBXGroup;
			children = (
				DAE11FB7232EAA1600458F46 /* Word_GardenTests.swift */,
				DAE11FB9232EAA1600458F46 /* Info.plist */,
			);
			path = "Word GardenTests";
			sourceTree = "<group>";
		};
		DAE11FC1232EAA1600458F46 /* Word GardenUITests */ = {
			isa = PBXGroup;
			children = (
				DAE11FC2232EAA1600458F46 /* Word_GardenUITests.swift */,
				DAE11FC4232EAA1600458F46 /* Info.plist */,
			);
			path = "Word GardenUITests";
			sourceTree = "<group>";
		};
/* End PBXGroup section */

/* Begin PBXNativeTarget section */
		DAE11F9E232EAA1500458F46 /* Word Garden */ = {
			isa = PBXNativeTarget;
			buildConfigurationList = DAE11FC7232EAA1600458F46 /* Build configuration list for PBXNativeTarget "Word Garden" */;
			buildPhases = (
				DAE11F9B232EAA1500458F46 /* Sources */,
				DAE11F9C232EAA1500458F46 /* Frameworks */,
				DAE11F9D232EAA1500458F46 /* Resources */,
			);
			buildRules = (
			);
			dependencies = (
			);
			name = "Word Garden";
			productName = "Word Garden";
			productReference = DAE11F9F232EAA1500458F46 /* Word Garden.app */;
			productType = "com.apple.product-type.application";
		};
		DAE11FB2232EAA1600458F46 /* Word GardenTests */ = {
			isa = PBXNativeTarget;
			buildConfigurationList = DAE11FCA232EAA1600458F46 /* Build configuration list for PBXNativeTarget "Word GardenTests" */;
			buildPhases = (
				DAE11FAF232EAA1600458F46 /* Sources */,
				DAE11FB0232EAA1600458F46 /* Frameworks */,
				DAE11FB1232EAA1600458F46 /* Resources */,
			);
			buildRules = (
			);
			dependencies = (
				DAE11FB5232EAA1600458F46 /* PBXTargetDependency */,
			);
			name = "Word GardenTests";
			productName = "Word GardenTests";
			productReference = DAE11FB3232EAA1600458F46 /* Word GardenTests.xctest */;
			productType = "com.apple.product-type.bundle.unit-test";
		};
		DAE11FBD232EAA1600458F46 /* Word GardenUITests */ = {
			isa = PBXNativeTarget;
			buildConfigurationList = DAE11FCD232EAA1600458F46 /* Build configuration list for PBXNativeTarget "Word GardenUITests" */;
			buildPhases = (
				DAE11FBA232EAA1600458F46 /* Sources */,
				DAE11FBB232EAA1600458F46 /* Frameworks */,
				DAE11FBC232EAA1600458F46 /* Resources */,
			);
			buildRules = (
			);
			dependencies = (
				DAE11FC0232EAA1600458F46 /* PBXTargetDependency */,
			);
			name = "Word GardenUITests";
			productName = "Word GardenUITests";
			productReference = DAE11FBE232EAA1600458F46 /* Word GardenUITests.xctest */;
			productType = "com.apple.product-type.bundle.ui-testing";
		};
/* End PBXNativeTarget section */

/* Begin PBXProject section */
		DAE11F97232EAA1500458F46 /* Project object */ = {
			isa = PBXProject;
			attributes = {
				LastSwiftUpdateCheck = 1030;
				LastUpgradeCheck = 1030;
				ORGANIZATIONNAME = "Yinzhe Ma";
				TargetAttributes = {
					DAE11F9E232EAA1500458F46 = {
						CreatedOnToolsVersion = 10.3;
					};
					DAE11FB2232EAA1600458F46 = {
						CreatedOnToolsVersion = 10.3;
						TestTargetID = DAE11F9E232EAA1500458F46;
					};
					DAE11FBD232EAA1600458F46 = {
						CreatedOnToolsVersion = 10.3;
						TestTargetID = DAE11F9E232EAA1500458F46;
					};
				};
			};
			buildConfigurationList = DAE11F9A232EAA1500458F46 /* Build configuration list for PBXProject "Word Garden" */;
			compatibilityVersion = "Xcode 9.3";
			developmentRegion = en;
			hasScannedForEncodings = 0;
			knownRegions = (
				en,
				Base,
			);
			mainGroup = DAE11F96232EAA1500458F46;
			productRefGroup = DAE11FA0232EAA1500458F46 /* Products */;
			projectDirPath = "";
			projectRoot = "";
			targets = (
				DAE11F9E232EAA1500458F46 /* Word Garden */,
				DAE11FB2232EAA1600458F46 /* Word GardenTests */,
				DAE11FBD232EAA1600458F46 /* Word GardenUITests */,
			);
		};
/* End PBXProject section */

/* Begin PBXResourcesBuildPhase section */
		DAE11F9D232EAA1500458F46 /* Resources */ = {
			isa = PBXResourcesBuildPhase;
			buildActionMask = 2147483647;
			files = (
				DAE11FAD232EAA1600458F46 /* LaunchScreen.storyboard in Resources */,
				DAE11FAA232EAA1600458F46 /* Assets.xcassets in Resources */,
				DAE11FA8232EAA1500458F46 /* Main.storyboard in Resources */,
			);
			runOnlyForDeploymentPostprocessing = 0;
		};
		DAE11FB1232EAA1600458F46 /* Resources */ = {
			isa = PBXResourcesBuildPhase;
			buildActionMask = 2147483647;
			files = (
			);
			runOnlyForDeploymentPostprocessing = 0;
		};
		DAE11FBC232EAA1600458F46 /* Resources */ = {
			isa = PBXResourcesBuildPhase;
			buildActionMask = 2147483647;
			files = (
			);
			runOnlyForDeploymentPostprocessing = 0;
		};
/* End PBXResourcesBuildPhase section */

/* Begin PBXSourcesBuildPhase section */
		DAE11F9B232EAA1500458F46 /* Sources */ = {
			isa = PBXSourcesBuildPhase;
			buildActionMask = 2147483647;
			files = (
				DAE11FA5232EAA1500458F46 /* ViewController.swift in Sources */,
				DAE11FA3232EAA1500458F46 /* AppDelegate.swift in Sources */,
			);
			runOnlyForDeploymentPostprocessing = 0;
		};
		DAE11FAF232EAA1600458F46 /* Sources */ = {
			isa = PBXSourcesBuildPhase;
			buildActionMask = 2147483647;
			files = (
				DAE11FB8232EAA1600458F46 /* Word_GardenTests.swift in Sources */,
			);
			runOnlyForDeploymentPostprocessing = 0;
		};
		DAE11FBA232EAA1600458F46 /* Sources */ = {
			isa = PBXSourcesBuildPhase;
			buildActionMask = 2147483647;
			files = (
				DAE11FC3232EAA1600458F46 /* Word_GardenUITests.swift in Sources */,
			);
			runOnlyForDeploymentPostprocessing = 0;
		};
/* End PBXSourcesBuildPhase section */

/* Begin PBXTargetDependency section */
		DAE11FB5232EAA1600458F46 /* PBXTargetDependency */ = {
			isa = PBXTargetDependency;
			target = DAE11F9E232EAA1500458F46 /* Word Garden */;
			targetProxy = DAE11FB4232EAA1600458F46 /* PBXContainerItemProxy */;
		};
		DAE11FC0232EAA1600458F46 /* PBXTargetDependency */ = {
			isa = PBXTargetDependency;
			target = DAE11F9E232EAA1500458F46 /* Word Garden */;
			targetProxy = DAE11FBF232EAA1600458F46 /* PBXContainerItemProxy */;
		};
/* End PBXTargetDependency section */

/* Begin PBXVariantGroup section */
		DAE11FA6232EAA1500458F46 /* Main.storyboard */ = {
			isa = PBXVariantGroup;
			children = (
				DAE11FA7232EAA1500458F46 /* Base */,
			);
			name = Main.storyboard;
			sourceTree = "<group>";
		};
		DAE11FAB232EAA1600458F46 /* LaunchScreen.storyboard */ = {
			isa = PBXVariantGroup;
			children = (
				DAE11FAC232EAA1600458F46 /* Base */,
			);
			name = LaunchScreen.storyboard;
			sourceTree = "<group>";
		};
/* End PBXVariantGroup section */

/* Begin XCBuildConfiguration section */
		DAE11FC5232EAA1600458F46 /* Debug */ = {
			isa = XCBuildConfiguration;
			buildSettings = {
				ALWAYS_SEARCH_USER_PATHS = NO;
				CLANG_ANALYZER_NONNULL = YES;
				CLANG_ANALYZER_NUMBER_OBJECT_CONVERSION = YES_AGGRESSIVE;
				CLANG_CXX_LANGUAGE_STANDARD = "gnu++14";
				CLANG_CXX_LIBRARY = "libc++";
				CLANG_ENABLE_MODULES = YES;
				CLANG_ENABLE_OBJC_ARC = YES;
				CLANG_ENABLE_OBJC_WEAK = YES;
				CLANG_WARN_BLOCK_CAPTURE_AUTORELEASING = YES;
				CLANG_WARN_BOOL_CONVERSION = YES;
				CLANG_WARN_COMMA = YES;
				CLANG_WARN_CONSTANT_CONVERSION = YES;
				CLANG_WARN_DEPRECATED_OBJC_IMPLEMENTATIONS = YES;
				CLANG_WARN_DIRECT_OBJC_ISA_USAGE = YES_ERROR;
				CLANG_WARN_DOCUMENTATION_COMMENTS = YES;
				CLANG_WARN_EMPTY_BODY = YES;
				CLANG_WARN_ENUM_CONVERSION = YES;
				CLANG_WARN_INFINITE_RECURSION = YES;
				CLANG_WARN_INT_CONVERSION = YES;
				CLANG_WARN_NON_LITERAL_NULL_CONVERSION = YES;
				CLANG_WARN_OBJC_IMPLICIT_RETAIN_SELF = YES;
				CLANG_WARN_OBJC_LITERAL_CONVERSION = YES;
				CLANG_WARN_OBJC_ROOT_CLASS = YES_ERROR;
				CLANG_WARN_RANGE_LOOP_ANALYSIS = YES;
				CLANG_WARN_STRICT_PROTOTYPES = YES;
				CLANG_WARN_SUSPICIOUS_MOVE = YES;
				CLANG_WARN_UNGUARDED_AVAILABILITY = YES_AGGRESSIVE;
				CLANG_WARN_UNREACHABLE_CODE = YES;
				CLANG_WARN__DUPLICATE_METHOD_MATCH = YES;
				CODE_SIGN_IDENTITY = "iPhone Developer";
				COPY_PHASE_STRIP = NO;
				DEBUG_INFORMATION_FORMAT = dwarf;
				ENABLE_STRICT_OBJC_MSGSEND = YES;
				ENABLE_TESTABILITY = YES;
				GCC_C_LANGUAGE_STANDARD = gnu11;
				GCC_DYNAMIC_NO_PIC = NO;
				GCC_NO_COMMON_BLOCKS = YES;
				GCC_OPTIMIZATION_LEVEL = 0;
				GCC_PREPROCESSOR_DEFINITIONS = (
					"DEBUG=1",
					"$(inherited)",
				);
				GCC_WARN_64_TO_32_BIT_CONVERSION = YES;
				GCC_WARN_ABOUT_RETURN_TYPE = YES_ERROR;
				GCC_WARN_UNDECLARED_SELECTOR = YES;
				GCC_WARN_UNINITIALIZED_AUTOS = YES_AGGRESSIVE;
				GCC_WARN_UNUSED_FUNCTION = YES;
				GCC_WARN_UNUSED_VARIABLE = YES;
				IPHONEOS_DEPLOYMENT_TARGET = 12.4;
				MTL_ENABLE_DEBUG_INFO = INCLUDE_SOURCE;
				MTL_FAST_MATH = YES;
				ONLY_ACTIVE_ARCH = YES;
				SDKROOT = iphoneos;
				SWIFT_ACTIVE_COMPILATION_CONDITIONS = DEBUG;
				SWIFT_OPTIMIZATION_LEVEL = "-Onone";
			};
			name = Debug;
		};
		DAE11FC6232EAA1600458F46 /* Release */ = {
			isa = XCBuildConfiguration;
			buildSettings = {
				ALWAYS_SEARCH_USER_PATHS = NO;
				CLANG_ANALYZER_NONNULL = YES;
				CLANG_ANALYZER_NUMBER_OBJECT_CONVERSION = YES_AGGRESSIVE;
				CLANG_CXX_LANGUAGE_STANDARD = "gnu++14";
				CLANG_CXX_LIBRARY = "libc++";
				CLANG_ENABLE_MODULES = YES;
				CLANG_ENABLE_OBJC_ARC = YES;
				CLANG_ENABLE_OBJC_WEAK = YES;
				CLANG_WARN_BLOCK_CAPTURE_AUTORELEASING = YES;
				CLANG_WARN_BOOL_CONVERSION = YES;
				CLANG_WARN_COMMA = YES;
				CLANG_WARN_CONSTANT_CONVERSION = YES;
				CLANG_WARN_DEPRECATED_OBJC_IMPLEMENTATIONS = YES;
				CLANG_WARN_DIRECT_OBJC_ISA_USAGE = YES_ERROR;
				CLANG_WARN_DOCUMENTATION_COMMENTS = YES;
				CLANG_WARN_EMPTY_BODY = YES;
				CLANG_WARN_ENUM_CONVERSION = YES;
				CLANG_WARN_INFINITE_RECURSION = YES;
				CLANG_WARN_INT_CONVERSION = YES;
				CLANG_WARN_NON_LITERAL_NULL_CONVERSION = YES;
				CLANG_WARN_OBJC_IMPLICIT_RETAIN_SELF = YES;
				CLANG_WARN_OBJC_LITERAL_CONVERSION = YES;
				CLANG_WARN_OBJC_ROOT_CLASS = YES_ERROR;
				CLANG_WARN_RANGE_LOOP_ANALYSIS = YES;
				CLANG_WARN_STRICT_PROTOTYPES = YES;
				CLANG_WARN_SUSPICIOUS_MOVE = YES;
				CLANG_WARN_UNGUARDED_AVAILABILITY = YES_AGGRESSIVE;
				CLANG_WARN_UNREACHABLE_CODE = YES;
				CLANG_WARN__DUPLICATE_METHOD_MATCH = YES;
				CODE_SIGN_IDENTITY = "iPhone Developer";
				COPY_PHASE_STRIP = NO;
				DEBUG_INFORMATION_FORMAT = "dwarf-with-dsym";
				ENABLE_NS_ASSERTIONS = NO;
				ENABLE_STRICT_OBJC_MSGSEND = YES;
				GCC_C_LANGUAGE_STANDARD = gnu11;
				GCC_NO_COMMON_BLOCKS = YES;
				GCC_WARN_64_TO_32_BIT_CONVERSION = YES;
				GCC_WARN_ABOUT_RETURN_TYPE = YES_ERROR;
				GCC_WARN_UNDECLARED_SELECTOR = YES;
				GCC_WARN_UNINITIALIZED_AUTOS = YES_AGGRESSIVE;
				GCC_WARN_UNUSED_FUNCTION = YES;
				GCC_WARN_UNUSED_VARIABLE = YES;
				IPHONEOS_DEPLOYMENT_TARGET = 12.4;
				MTL_ENABLE_DEBUG_INFO = NO;
				MTL_FAST_MATH = YES;
				SDKROOT = iphoneos;
				SWIFT_COMPILATION_MODE = wholemodule;
				SWIFT_OPTIMIZATION_LEVEL = "-O";
				VALIDATE_PRODUCT = YES;
			};
			name = Release;
		};
		DAE11FC8232EAA1600458F46 /* Debug */ = {
			isa = XCBuildConfiguration;
			buildSettings = {
				ASSETCATALOG_COMPILER_APPICON_NAME = AppIcon;
				CODE_SIGN_STYLE = Automatic;
				DEVELOPMENT_TEAM = NPLWZ8759G;
				INFOPLIST_FILE = "Word Garden/Info.plist";
				IPHONEOS_DEPLOYMENT_TARGET = 12.4;
				LD_RUNPATH_SEARCH_PATHS = (
					"$(inherited)",
					"@executable_path/Frameworks",
				);
				PRODUCT_BUNDLE_IDENTIFIER = "com.yinzhema.Word-Garden";
				PRODUCT_NAME = "$(TARGET_NAME)";
				SWIFT_VERSION = 5.0;
				TARGETED_DEVICE_FAMILY = "1,2";
			};
			name = Debug;
		};
		DAE11FC9232EAA1600458F46 /* Release */ = {
			isa = XCBuildConfiguration;
			buildSettings = {
				ASSETCATALOG_COMPILER_APPICON_NAME = AppIcon;
				CODE_SIGN_STYLE = Automatic;
				DEVELOPMENT_TEAM = NPLWZ8759G;
				INFOPLIST_FILE = "Word Garden/Info.plist";
				IPHONEOS_DEPLOYMENT_TARGET = 12.4;
				LD_RUNPATH_SEARCH_PATHS = (
					"$(inherited)",
					"@executable_path/Frameworks",
				);
				PRODUCT_BUNDLE_IDENTIFIER = "com.yinzhema.Word-Garden";
				PRODUCT_NAME = "$(TARGET_NAME)";
				SWIFT_VERSION = 5.0;
				TARGETED_DEVICE_FAMILY = "1,2";
			};
			name = Release;
		};
		DAE11FCB232EAA1600458F46 /* Debug */ = {
			isa = XCBuildConfiguration;
			buildSettings = {
				ALWAYS_EMBED_SWIFT_STANDARD_LIBRARIES = YES;
				BUNDLE_LOADER = "$(TEST_HOST)";
				CODE_SIGN_STYLE = Automatic;
				DEVELOPMENT_TEAM = NPLWZ8759G;
				INFOPLIST_FILE = "Word GardenTests/Info.plist";
				LD_RUNPATH_SEARCH_PATHS = (
					"$(inherited)",
					"@executable_path/Frameworks",
					"@loader_path/Frameworks",
				);
				PRODUCT_BUNDLE_IDENTIFIER = "com.yinzhema.Word-GardenTests";
				PRODUCT_NAME = "$(TARGET_NAME)";
				SWIFT_VERSION = 5.0;
				TARGETED_DEVICE_FAMILY = "1,2";
				TEST_HOST = "$(BUILT_PRODUCTS_DIR)/Word Garden.app/Word Garden";
			};
			name = Debug;
		};
		DAE11FCC232EAA1600458F46 /* Release */ = {
			isa = XCBuildConfiguration;
			buildSettings = {
				ALWAYS_EMBED_SWIFT_STANDARD_LIBRARIES = YES;
				BUNDLE_LOADER = "$(TEST_HOST)";
				CODE_SIGN_STYLE = Automatic;
				DEVELOPMENT_TEAM = NPLWZ8759G;
				INFOPLIST_FILE = "Word GardenTests/Info.plist";
				LD_RUNPATH_SEARCH_PATHS = (
					"$(inherited)",
					"@executable_path/Frameworks",
					"@loader_path/Frameworks",
				);
				PRODUCT_BUNDLE_IDENTIFIER = "com.yinzhema.Word-GardenTests";
				PRODUCT_NAME = "$(TARGET_NAME)";
				SWIFT_VERSION = 5.0;
				TARGETED_DEVICE_FAMILY = "1,2";
				TEST_HOST = "$(BUILT_PRODUCTS_DIR)/Word Garden.app/Word Garden";
			};
			name = Release;
		};
		DAE11FCE232EAA1600458F46 /* Debug */ = {
			isa = XCBuildConfiguration;
			buildSettings = {
				ALWAYS_EMBED_SWIFT_STANDARD_LIBRARIES = YES;
				CODE_SIGN_STYLE = Automatic;
				DEVELOPMENT_TEAM = NPLWZ8759G;
				INFOPLIST_FILE = "Word GardenUITests/Info.plist";
				LD_RUNPATH_SEARCH_PATHS = (
					"$(inherited)",
					"@executable_path/Frameworks",
					"@loader_path/Frameworks",
				);
				PRODUCT_BUNDLE_IDENTIFIER = "com.yinzhema.Word-GardenUITests";
				PRODUCT_NAME = "$(TARGET_NAME)";
				SWIFT_VERSION = 5.0;
				TARGETED_DEVICE_FAMILY = "1,2";
				TEST_TARGET_NAME = "Word Garden";
			};
			name = Debug;
		};
		DAE11FCF232EAA1600458F46 /* Release */ = {
			isa = XCBuildConfiguration;
			buildSettings = {
				ALWAYS_EMBED_SWIFT_STANDARD_LIBRARIES = YES;
				CODE_SIGN_STYLE = Automatic;
				DEVELOPMENT_TEAM = NPLWZ8759G;
				INFOPLIST_FILE = "Word GardenUITests/Info.plist";
				LD_RUNPATH_SEARCH_PATHS = (
					"$(inherited)",
					"@executable_path/Frameworks",
					"@loader_path/Frameworks",
				);
				PRODUCT_BUNDLE_IDENTIFIER = "com.yinzhema.Word-GardenUITests";
				PRODUCT_NAME = "$(TARGET_NAME)";
				SWIFT_VERSION = 5.0;
				TARGETED_DEVICE_FAMILY = "1,2";
				TEST_TARGET_NAME = "Word Garden";
			};
			name = Release;
		};
/* End XCBuildConfiguration section */

/* Begin XCConfigurationList section */
		DAE11F9A232EAA1500458F46 /* Build configuration list for PBXProject "Word Garden" */ = {
			isa = XCConfigurationList;
			buildConfigurations = (
				DAE11FC5232EAA1600458F46 /* Debug */,
				DAE11FC6232EAA1600458F46 /* Release */,
			);
			defaultConfigurationIsVisible = 0;
			defaultConfigurationName = Release;
		};
		DAE11FC7232EAA1600458F46 /* Build configuration list for PBXNativeTarget "Word Garden" */ = {
			isa = XCConfigurationList;
			buildConfigurations = (
				DAE11FC8232EAA1600458F46 /* Debug */,
				DAE11FC9232EAA1600458F46 /* Release */,
			);
			defaultConfigurationIsVisible = 0;
			defaultConfigurationName = Release;
		};
		DAE11FCA232EAA1600458F46 /* Build configuration list for PBXNativeTarget "Word GardenTests" */ = {
			isa = XCConfigurationList;
			buildConfigurations = (
				DAE11FCB232EAA1600458F46 /* Debug */,
				DAE11FCC232EAA1600458F46 /* Release */,
			);
			defaultConfigurationIsVisible = 0;
			defaultConfigurationName = Release;
		};
		DAE11FCD232EAA1600458F46 /* Build configuration list for PBXNativeTarget "Word GardenUITests" */ = {
			isa = XCConfigurationList;
			buildConfigurations = (
				DAE11FCE232EAA1600458F46 /* Debug */,
				DAE11FCF232EAA1600458F46 /* Release */,
			);
			defaultConfigurationIsVisible = 0;
			defaultConfigurationName = Release;
		};
/* End XCConfigurationList section */
	};
	rootObject = DAE11F97232EAA1500458F46 /* Project object */;
}
